<?xml version="1.0" encoding="utf-8"?>
<Project ToolsVersion="4.0" xmlns="http://schemas.microsoft.com/developer/msbuild/2003">
  <ItemGroup>
    <Filter Include="Source Files">
      <UniqueIdentifier>{4FC737F1-C7A5-4376-A066-2A32D752A2FF}</UniqueIdentifier>
      <Extensions>cpp;c;cc;cxx;def;odl;idl;hpj;bat;asm;asmx</Extensions>
    </Filter>
    <Filter Include="Header Files">
      <UniqueIdentifier>{93995380-89BD-4b04-88EB-625FBE52EBFB}</UniqueIdentifier>
      <Extensions>h;hh;hpp;hxx;hm;inl;inc;xsd</Extensions>
    </Filter>
    <Filter Include="Resource Files">
      <UniqueIdentifier>{67DA6AB6-F800-4c08-8B7A-83BB121AAD01}</UniqueIdentifier>
      <Extensions>rc;ico;cur;bmp;dlg;rc2;rct;bin;rgs;gif;jpg;jpeg;jpe;resx;tiff;tif;png;wav;mfcribbon-ms</Extensions>
    </Filter>
  </ItemGroup>
  <ItemGroup>
    <ClCompile Include="Core\SystemManager\SystemManager.cpp">
      <Filter>Source Files</Filter>
    </ClCompile>
    <ClCompile Include="Main\Game.cpp">
      <Filter>Source Files</Filter>
    </ClCompile>
    <ClCompile Include="GameFramework\Scene\Scene.cpp">
      <Filter>Source Files</Filter>
    </ClCompile>
    <ClCompile Include="GameFramework\Object.cpp">
      <Filter>Source Files</Filter>
    </ClCompile>
    <ClCompile Include="GameFramework\GameContent\GameContent.cpp">
      <Filter>Source Files</Filter>
    </ClCompile>
    <ClCompile Include="Core\System\System.cpp">
      <Filter>Source Files</Filter>
    </ClCompile>
    <ClCompile Include="Core\System\Graphics\GraphicsD3D9.cpp">
      <Filter>Source Files</Filter>
    </ClCompile>
    <ClCompile Include="Core\System\Keyboard\KeyboardWindows.cpp">
      <Filter>Source Files</Filter>
    </ClCompile>
    <ClCompile Include="Core\System\Graphics\GameWindow.cpp">
      <Filter>Source Files</Filter>
    </ClCompile>
    <ClCompile Include="Core\System\Time\WindowsTime.cpp">
      <Filter>Source Files</Filter>
    </ClCompile>
    <ClCompile Include="GameFramework\GameObject\GameObject.cpp">
      <Filter>Source Files</Filter>
    </ClCompile>
    <ClCompile Include="GameFramework\GameComponent\Component.cpp">
      <Filter>Source Files</Filter>
    </ClCompile>
    <ClCompile Include="GameFramework\GameComponent\SpriteRenderer.cpp">
      <Filter>Source Files</Filter>
    </ClCompile>
    <ClCompile Include="GameFramework\GameContent\Sprite.cpp">
      <Filter>Source Files</Filter>
    </ClCompile>
    <ClCompile Include="GameFramework\GameContent\Texture.cpp">
      <Filter>Source Files</Filter>
    </ClCompile>
    <ClCompile Include="GameFramework\Time.cpp">
      <Filter>Source Files</Filter>
    </ClCompile>
    <ClCompile Include="Main\GameSystem.cpp">
      <Filter>Source Files</Filter>
    </ClCompile>
    <ClCompile Include="MetroidGameContent\MetroidContent.cpp">
      <Filter>Source Files</Filter>
    </ClCompile>
    <ClCompile Include="MetroidGameContent\MetroidScene.cpp">
      <Filter>Source Files</Filter>
    </ClCompile>
    <ClCompile Include="MetroidMain\Main.cpp">
      <Filter>Source Files</Filter>
    </ClCompile>
    <ClCompile Include="GameFramework\Input.cpp">
      <Filter>Source Files</Filter>
    </ClCompile>
    <ClCompile Include="GameFramework\GameComponent\CameraComponent.cpp">
      <Filter>Source Files</Filter>
    </ClCompile>
    <ClCompile Include="Utilities\Utilities.cpp">
      <Filter>Source Files</Filter>
    </ClCompile>
    <ClCompile Include="GameFramework\GameComponent\AnimationController.cpp">
      <Filter>Source Files</Filter>
    </ClCompile>
    <ClCompile Include="GameFramework\GameComponent\SimulatePhysics.cpp">
      <Filter>Source Files</Filter>
    </ClCompile>
    <ClCompile Include="MetroidGameContent\MetroidCharacter.cpp">
      <Filter>Source Files</Filter>
    </ClCompile>
    <ClCompile Include="GameFramework\GameContent\Animation.cpp">
      <Filter>Source Files</Filter>
    </ClCompile>
    <ClCompile Include="ResourcesLoader\TinyXML2\tinyxml2.cpp">
      <Filter>Source Files</Filter>
    </ClCompile>
    <ClCompile Include="GameFramework\GameContent\CollisionBox.cpp">
      <Filter>Source Files</Filter>
    </ClCompile>
    <ClCompile Include="MetroidGameContent\MainCamera.cpp">
      <Filter>Source Files</Filter>
    </ClCompile>
    <ClCompile Include="MetroidGameContent\ZoomerAnimation.cpp">
      <Filter>Source Files</Filter>
    </ClCompile>
    <ClCompile Include="MetroidGameContent\SamusAnimation.cpp">
      <Filter>Source Files</Filter>
    </ClCompile>
    <ClCompile Include="MetroidGameContent\Skree.cpp">
      <Filter>Source Files</Filter>
    </ClCompile>
    <ClCompile Include="MetroidGameContent\Room.cpp">
      <Filter>Source Files</Filter>
    </ClCompile>
    <ClCompile Include="MetroidGameContent\SkreeAnimation.cpp">
      <Filter>Source Files</Filter>
    </ClCompile>
    <ClCompile Include="MetroidGameContent\Rio.cpp">
      <Filter>Source Files</Filter>
    </ClCompile>
    <ClCompile Include="MetroidGameContent\RioAnimation.cpp">
      <Filter>Source Files</Filter>
    </ClCompile>
    <ClCompile Include="MetroidGameContent\MaruMari.cpp">
      <Filter>Source Files</Filter>
    </ClCompile>
    <ClCompile Include="MetroidGameContent\QuadTree.cpp">
      <Filter>Source Files</Filter>
    </ClCompile>
    <ClCompile Include="MetroidGameContent\Spawner.cpp">
      <Filter>Source Files</Filter>
    </ClCompile>
    <ClCompile Include="MetroidGameContent\SamusDamage.cpp">
      <Filter>Source Files</Filter>
    </ClCompile>
    <ClCompile Include="MetroidGameContent\Portal.cpp">
      <Filter>Source Files</Filter>
    </ClCompile>
    <ClCompile Include="MetroidGameContent\EnergyBall.cpp">
      <Filter>Source Files</Filter>
    </ClCompile>
    <ClCompile Include="MetroidGameContent\Explosion.cpp">
      <Filter>Source Files</Filter>
    </ClCompile>
    <ClCompile Include="MetroidGameContent\SkreeBall.cpp">
      <Filter>Source Files</Filter>
    </ClCompile>
    <ClCompile Include="MetroidGameContent\PortalEntrance.cpp">
      <Filter>Source Files</Filter>
    </ClCompile>
    <ClCompile Include="MetroidGameContent\Zeb.cpp">
      <Filter>Source Files</Filter>
    </ClCompile>
    <ClCompile Include="MetroidGameContent\Ripper.cpp">
      <Filter>Source Files</Filter>
    </ClCompile>
    <ClCompile Include="MetroidGameContent\Enemy.cpp">
      <Filter>Source Files</Filter>
    </ClCompile>
    <ClCompile Include="MetroidGameContent\Waver.cpp">
      <Filter>Source Files</Filter>
    </ClCompile>
    <ClCompile Include="MetroidGameContent\Zoomer.cpp">
      <Filter>Source Files</Filter>
    </ClCompile>
    <ClCompile Include="MetroidGameContent\Bomb.cpp">
      <Filter>Source Files</Filter>
    </ClCompile>
    <ClCompile Include="MetroidGameContent\Kraid.cpp">
      <Filter>Source Files</Filter>
    </ClCompile>
    <ClCompile Include="MetroidGameContent\KraidAnimation.cpp">
      <Filter>Source Files</Filter>
    </ClCompile>
    <ClCompile Include="MetroidGameContent\KraidBullet.cpp">
      <Filter>Source Files</Filter>
    </ClCompile>
    <ClCompile Include="MetroidGameContent\Bumerang.cpp">
      <Filter>Source Files</Filter>
    </ClCompile>
    <ClCompile Include="MetroidGameContent\BumerangAnimation.cpp">
      <Filter>Source Files</Filter>
    </ClCompile>
    <ClCompile Include="MetroidGameContent\Ridley.cpp">
      <Filter>Source Files</Filter>
    </ClCompile>
    <ClCompile Include="MetroidGameContent\RidleyAnimation.cpp">
      <Filter>Source Files</Filter>
    </ClCompile>
    <ClCompile Include="MetroidGameContent\RidleyBullet.cpp">
      <Filter>Source Files</Filter>
    </ClCompile>
    <ClCompile Include="MetroidGameContent\RidleyBulletAnimation.cpp">
      <Filter>Source Files</Filter>
    </ClCompile>
    <ClCompile Include="MetroidGameContent\Destructible.cpp">
      <Filter>Source Files</Filter>
    </ClCompile>
    <ClCompile Include="MetroidGameContent\Items.cpp">
      <Filter>Source Files</Filter>
    </ClCompile>
    <ClCompile Include="MetroidGameContent\SamusWaveBeam.cpp">
      <Filter>Source Files</Filter>
    </ClCompile>
    <ClCompile Include="MetroidGameContent\EN_Rocket_HUD.cpp">
      <Filter>Source Files</Filter>
    </ClCompile>
    <ClCompile Include="MetroidGameContent\GameOverScreen.cpp">
      <Filter>Source Files</Filter>
    </ClCompile>
  </ItemGroup>
  <ItemGroup>
    <ClInclude Include="Core\Interface\IGraphics.h">
      <Filter>Header Files</Filter>
    </ClInclude>
    <ClInclude Include="Core\Interface\IKeyboard.h">
      <Filter>Header Files</Filter>
    </ClInclude>
    <ClInclude Include="Core\Interface\ITime.h">
      <Filter>Header Files</Filter>
    </ClInclude>
    <ClInclude Include="Core\SystemManager\SystemManager.h">
      <Filter>Header Files</Filter>
    </ClInclude>
    <ClInclude Include="Main\Game.h">
      <Filter>Header Files</Filter>
    </ClInclude>
    <ClInclude Include="GameFramework\Scene\Scene.h">
      <Filter>Header Files</Filter>
    </ClInclude>
    <ClInclude Include="GameFramework\Object.h">
      <Filter>Header Files</Filter>
    </ClInclude>
    <ClInclude Include="GameFramework\GameContent\GameContent.h">
      <Filter>Header Files</Filter>
    </ClInclude>
    <ClInclude Include="Core\System\System.h">
      <Filter>Header Files</Filter>
    </ClInclude>
    <ClInclude Include="Core\System\Graphics\GraphicsD3D9.h">
      <Filter>Header Files</Filter>
    </ClInclude>
    <ClInclude Include="Core\System\Keyboard\KeyboardWindows.h">
      <Filter>Header Files</Filter>
    </ClInclude>
    <ClInclude Include="Core\System\Graphics\GameWindow.h">
      <Filter>Header Files</Filter>
    </ClInclude>
    <ClInclude Include="Core\System\Time\WindowsTime.h">
      <Filter>Header Files</Filter>
    </ClInclude>
    <ClInclude Include="GameFramework\GameObject\GameObject.h">
      <Filter>Header Files</Filter>
    </ClInclude>
    <ClInclude Include="GameFramework\GameComponent\Component.h">
      <Filter>Header Files</Filter>
    </ClInclude>
    <ClInclude Include="GameFramework\GameComponent\SpriteRenderer.h">
      <Filter>Header Files</Filter>
    </ClInclude>
    <ClInclude Include="GameFramework\GameContent\Sprite.h">
      <Filter>Header Files</Filter>
    </ClInclude>
    <ClInclude Include="GameFramework\GameContent\Texture.h">
      <Filter>Header Files</Filter>
    </ClInclude>
    <ClInclude Include="GameFramework\Time.h">
      <Filter>Header Files</Filter>
    </ClInclude>
    <ClInclude Include="Main\GameSystem.h">
      <Filter>Header Files</Filter>
    </ClInclude>
    <ClInclude Include="MetroidGameContent\MetroidContent.h">
      <Filter>Header Files</Filter>
    </ClInclude>
    <ClInclude Include="MetroidGameContent\MetroidScene.h">
      <Filter>Header Files</Filter>
    </ClInclude>
    <ClInclude Include="GameFramework\Input.h">
      <Filter>Header Files</Filter>
    </ClInclude>
    <ClInclude Include="GameFramework\GameComponent\CameraComponent.h">
      <Filter>Header Files</Filter>
    </ClInclude>
    <ClInclude Include="Utilities\Utilities.h">
      <Filter>Header Files</Filter>
    </ClInclude>
    <ClInclude Include="GameFramework\GameComponent\AnimationController.h">
      <Filter>Header Files</Filter>
    </ClInclude>
    <ClInclude Include="GameFramework\GameComponent\SimulatePhysics.h">
      <Filter>Header Files</Filter>
    </ClInclude>
    <ClInclude Include="MetroidGameContent\MetroidCharacter.h">
      <Filter>Header Files</Filter>
    </ClInclude>
    <ClInclude Include="GameFramework\GameContent\Animation.h">
      <Filter>Header Files</Filter>
    </ClInclude>
    <ClInclude Include="ResourcesLoader\TinyXML2\tinyxml2.h">
      <Filter>Header Files</Filter>
    </ClInclude>
    <ClInclude Include="GameFramework\GameContent\CollisionBox.h">
      <Filter>Header Files</Filter>
    </ClInclude>
    <ClInclude Include="ResourcesLoader\Rapidjson\error\en.h">
      <Filter>Header Files</Filter>
    </ClInclude>
    <ClInclude Include="ResourcesLoader\Rapidjson\error\error.h">
      <Filter>Header Files</Filter>
    </ClInclude>
    <ClInclude Include="ResourcesLoader\Rapidjson\internal\biginteger.h">
      <Filter>Header Files</Filter>
    </ClInclude>
    <ClInclude Include="ResourcesLoader\Rapidjson\internal\diyfp.h">
      <Filter>Header Files</Filter>
    </ClInclude>
    <ClInclude Include="ResourcesLoader\Rapidjson\internal\dtoa.h">
      <Filter>Header Files</Filter>
    </ClInclude>
    <ClInclude Include="ResourcesLoader\Rapidjson\internal\ieee754.h">
      <Filter>Header Files</Filter>
    </ClInclude>
    <ClInclude Include="ResourcesLoader\Rapidjson\internal\itoa.h">
      <Filter>Header Files</Filter>
    </ClInclude>
    <ClInclude Include="ResourcesLoader\Rapidjson\internal\meta.h">
      <Filter>Header Files</Filter>
    </ClInclude>
    <ClInclude Include="ResourcesLoader\Rapidjson\internal\pow10.h">
      <Filter>Header Files</Filter>
    </ClInclude>
    <ClInclude Include="ResourcesLoader\Rapidjson\internal\regex.h">
      <Filter>Header Files</Filter>
    </ClInclude>
    <ClInclude Include="ResourcesLoader\Rapidjson\internal\stack.h">
      <Filter>Header Files</Filter>
    </ClInclude>
    <ClInclude Include="ResourcesLoader\Rapidjson\internal\strfunc.h">
      <Filter>Header Files</Filter>
    </ClInclude>
    <ClInclude Include="ResourcesLoader\Rapidjson\internal\strtod.h">
      <Filter>Header Files</Filter>
    </ClInclude>
    <ClInclude Include="ResourcesLoader\Rapidjson\internal\swap.h">
      <Filter>Header Files</Filter>
    </ClInclude>
    <ClInclude Include="ResourcesLoader\Rapidjson\msinttypes\inttypes.h">
      <Filter>Header Files</Filter>
    </ClInclude>
    <ClInclude Include="ResourcesLoader\Rapidjson\msinttypes\stdint.h">
      <Filter>Header Files</Filter>
    </ClInclude>
    <ClInclude Include="ResourcesLoader\Rapidjson\allocators.h">
      <Filter>Header Files</Filter>
    </ClInclude>
    <ClInclude Include="ResourcesLoader\Rapidjson\document.h">
      <Filter>Header Files</Filter>
    </ClInclude>
    <ClInclude Include="ResourcesLoader\Rapidjson\encodedstream.h">
      <Filter>Header Files</Filter>
    </ClInclude>
    <ClInclude Include="ResourcesLoader\Rapidjson\encodings.h">
      <Filter>Header Files</Filter>
    </ClInclude>
    <ClInclude Include="ResourcesLoader\Rapidjson\filereadstream.h">
      <Filter>Header Files</Filter>
    </ClInclude>
    <ClInclude Include="ResourcesLoader\Rapidjson\filewritestream.h">
      <Filter>Header Files</Filter>
    </ClInclude>
    <ClInclude Include="ResourcesLoader\Rapidjson\fwd.h">
      <Filter>Header Files</Filter>
    </ClInclude>
    <ClInclude Include="ResourcesLoader\Rapidjson\istreamwrapper.h">
      <Filter>Header Files</Filter>
    </ClInclude>
    <ClInclude Include="ResourcesLoader\Rapidjson\memorybuffer.h">
      <Filter>Header Files</Filter>
    </ClInclude>
    <ClInclude Include="ResourcesLoader\Rapidjson\memorystream.h">
      <Filter>Header Files</Filter>
    </ClInclude>
    <ClInclude Include="ResourcesLoader\Rapidjson\ostreamwrapper.h">
      <Filter>Header Files</Filter>
    </ClInclude>
    <ClInclude Include="ResourcesLoader\Rapidjson\pointer.h">
      <Filter>Header Files</Filter>
    </ClInclude>
    <ClInclude Include="ResourcesLoader\Rapidjson\prettywriter.h">
      <Filter>Header Files</Filter>
    </ClInclude>
    <ClInclude Include="ResourcesLoader\Rapidjson\rapidjson.h">
      <Filter>Header Files</Filter>
    </ClInclude>
    <ClInclude Include="ResourcesLoader\Rapidjson\reader.h">
      <Filter>Header Files</Filter>
    </ClInclude>
    <ClInclude Include="ResourcesLoader\Rapidjson\schema.h">
      <Filter>Header Files</Filter>
    </ClInclude>
    <ClInclude Include="ResourcesLoader\Rapidjson\stream.h">
      <Filter>Header Files</Filter>
    </ClInclude>
    <ClInclude Include="ResourcesLoader\Rapidjson\stringbuffer.h">
      <Filter>Header Files</Filter>
    </ClInclude>
    <ClInclude Include="ResourcesLoader\Rapidjson\writer.h">
      <Filter>Header Files</Filter>
    </ClInclude>
    <ClInclude Include="MetroidGameContent\MainCamera.h">
      <Filter>Header Files</Filter>
    </ClInclude>
    <ClInclude Include="MetroidGameContent\ZoomerAnimation.h">
      <Filter>Header Files</Filter>
    </ClInclude>
    <ClInclude Include="MetroidGameContent\SamusAnimation.h">
      <Filter>Header Files</Filter>
    </ClInclude>
    <ClInclude Include="MetroidGameContent\Skree.h">
      <Filter>Header Files</Filter>
    </ClInclude>
    <ClInclude Include="MetroidGameContent\Room.h">
      <Filter>Header Files</Filter>
    </ClInclude>
    <ClInclude Include="MetroidGameContent\SkreeAnimation.h">
      <Filter>Header Files</Filter>
    </ClInclude>
    <ClInclude Include="MetroidGameContent\Rio.h">
      <Filter>Header Files</Filter>
    </ClInclude>
    <ClInclude Include="MetroidGameContent\RioAnimation.h">
      <Filter>Header Files</Filter>
    </ClInclude>
    <ClInclude Include="MetroidGameContent\MaruMari.h">
      <Filter>Header Files</Filter>
    </ClInclude>
    <ClInclude Include="MetroidGameContent\QuadTree.h">
      <Filter>Header Files</Filter>
    </ClInclude>
    <ClInclude Include="MetroidGameContent\Spawner.h">
      <Filter>Header Files</Filter>
    </ClInclude>
    <ClInclude Include="MetroidGameContent\SamusDamage.h">
      <Filter>Header Files</Filter>
    </ClInclude>
    <ClInclude Include="MetroidGameContent\Portal.h">
      <Filter>Header Files</Filter>
    </ClInclude>
    <ClInclude Include="MetroidGameContent\EnergyBall.h">
      <Filter>Header Files</Filter>
    </ClInclude>
    <ClInclude Include="MetroidGameContent\Explosion.h">
      <Filter>Header Files</Filter>
    </ClInclude>
    <ClInclude Include="MetroidGameContent\SkreeBall.h">
      <Filter>Header Files</Filter>
    </ClInclude>
    <ClInclude Include="MetroidGameContent\PortalEntrance.h">
      <Filter>Header Files</Filter>
    </ClInclude>
    <ClInclude Include="MetroidGameContent\Zeb.h">
      <Filter>Header Files</Filter>
    </ClInclude>
    <ClInclude Include="MetroidGameContent\Ripper.h">
      <Filter>Header Files</Filter>
    </ClInclude>
    <ClInclude Include="MetroidGameContent\Enemy.h">
      <Filter>Header Files</Filter>
    </ClInclude>
    <ClInclude Include="MetroidGameContent\Waver.h">
      <Filter>Header Files</Filter>
    </ClInclude>
    <ClInclude Include="MetroidGameContent\Zoomer.h">
      <Filter>Header Files</Filter>
    </ClInclude>
    <ClInclude Include="MetroidGameContent\Bomb.h">
      <Filter>Header Files</Filter>
    </ClInclude>
    <ClInclude Include="MetroidGameContent\Kraid.h">
      <Filter>Header Files</Filter>
    </ClInclude>
    <ClInclude Include="MetroidGameContent\KraidAnimation.h">
      <Filter>Header Files</Filter>
    </ClInclude>
    <ClInclude Include="MetroidGameContent\KraidBullet.h">
      <Filter>Header Files</Filter>
    </ClInclude>
    <ClInclude Include="MetroidGameContent\Bumerang.h">
      <Filter>Header Files</Filter>
    </ClInclude>
    <ClInclude Include="MetroidGameContent\BumerangAnimation.h">
      <Filter>Header Files</Filter>
    </ClInclude>
    <ClInclude Include="MetroidGameContent\Ridley.h">
      <Filter>Header Files</Filter>
    </ClInclude>
    <ClInclude Include="MetroidGameContent\RidleyAnimation.h">
      <Filter>Header Files</Filter>
    </ClInclude>
    <ClInclude Include="MetroidGameContent\RidleyBullet.h">
      <Filter>Header Files</Filter>
    </ClInclude>
    <ClInclude Include="MetroidGameContent\RidleyBulletAnimation.h">
      <Filter>Header Files</Filter>
    </ClInclude>
    <ClInclude Include="MetroidGameContent\Destructible.h">
      <Filter>Header Files</Filter>
    </ClInclude>
    <ClInclude Include="MetroidGameContent\Items.h">
      <Filter>Header Files</Filter>
    </ClInclude>
    <ClInclude Include="MetroidGameContent\SamusWaveBeam.h">
      <Filter>Header Files</Filter>
    </ClInclude>
    <ClInclude Include="MetroidGameContent\EN_Rocket_HUD.h">
      <Filter>Header Files</Filter>
    </ClInclude>
    <ClInclude Include="GameOverScreen.h">
      <Filter>Header Files</Filter>
    </ClInclude>
  </ItemGroup>
  <ItemGroup>
    <Image Include="Brinstar.png">
      <Filter>Resource Files</Filter>
    </Image>
    <Image Include="TileSet.png">
      <Filter>Resource Files</Filter>
    </Image>
    <Image Include="ridley.png">
      <Filter>Resource Files</Filter>
    </Image>
    <Image Include="kraid.png">
      <Filter>Resource Files</Filter>
    </Image>
  </ItemGroup>
  <ItemGroup>
    <Xml Include="CollisionBoxes.xml" />
    <Xml Include="Texture.xml" />
    <Xml Include="MetroidLevel.xml" />
    <Xml Include="ridley.xml" />
    <Xml Include="kraid.xml" />
  </ItemGroup>
  <ItemGroup>
    <None Include="TiledBackground.json" />
  </ItemGroup>
</Project>